
Microsoft Visual Studio Solution File, Format Version 12.00
# Visual Studio Version 17
VisualStudioVersion = 17.0.31903.59
MinimumVisualStudioVersion = 10.0.40219.1
Project("{2150E333-8FDC-42A3-9474-1A3956D46DE8}") = "src", "src", "{8303201C-BBD0-4F16-85D2-75382DB568D4}"
EndProject
Project("{FAE04EC0-301F-11D3-BF4B-00C04F79EFBC}") = "ReservacionesApi.Application", "src\ReservacionesApi.Application\ReservacionesApi.Application.csproj", "{AD74EF78-CDA7-4EA3-ACB1-48D3EA6F4746}"
EndProject
Project("{FAE04EC0-301F-11D3-BF4B-00C04F79EFBC}") = "ReservacionesApi.Domain", "src\ReservacionesApi.Domain\ReservacionesApi.Domain.csproj", "{71A1BFAC-875C-461D-A688-2151ABFB0523}"
EndProject
Project("{FAE04EC0-301F-11D3-BF4B-00C04F79EFBC}") = "ReservacionesApi.Infrastructure", "src\ReservacionesApi.Infrastructure\ReservacionesApi.Infrastructure.csproj", "{E44FF924-C4B5-4DA1-913A-7A0501A4659D}"
EndProject
Project("{FAE04EC0-301F-11D3-BF4B-00C04F79EFBC}") = "ReservacionesApi.Persistences", "src\ReservacionesApi.Persistences\ReservacionesApi.Persistences.csproj", "{C182E993-156A-409C-B382-E15D3D5529A0}"
EndProject
Project("{FAE04EC0-301F-11D3-BF4B-00C04F79EFBC}") = "ReservacionesApi.WebUI", "src\ReservacionesApi.WebUI\ReservacionesApi.WebUI.csproj", "{C8107016-D447-4596-8E58-C36D7F40E171}"
EndProject
Global
	GlobalSection(SolutionConfigurationPlatforms) = preSolution
		Debug|Any CPU = Debug|Any CPU
		Release|Any CPU = Release|Any CPU
	EndGlobalSection
	GlobalSection(SolutionProperties) = preSolution
		HideSolutionNode = FALSE
	EndGlobalSection
	GlobalSection(ProjectConfigurationPlatforms) = postSolution
		{AD74EF78-CDA7-4EA3-ACB1-48D3EA6F4746}.Debug|Any CPU.ActiveCfg = Debug|Any CPU
		{AD74EF78-CDA7-4EA3-ACB1-48D3EA6F4746}.Debug|Any CPU.Build.0 = Debug|Any CPU
		{AD74EF78-CDA7-4EA3-ACB1-48D3EA6F4746}.Release|Any CPU.ActiveCfg = Release|Any CPU
		{AD74EF78-CDA7-4EA3-ACB1-48D3EA6F4746}.Release|Any CPU.Build.0 = Release|Any CPU
		{71A1BFAC-875C-461D-A688-2151ABFB0523}.Debug|Any CPU.ActiveCfg = Debug|Any CPU
		{71A1BFAC-875C-461D-A688-2151ABFB0523}.Debug|Any CPU.Build.0 = Debug|Any CPU
		{71A1BFAC-875C-461D-A688-2151ABFB0523}.Release|Any CPU.ActiveCfg = Release|Any CPU
		{71A1BFAC-875C-461D-A688-2151ABFB0523}.Release|Any CPU.Build.0 = Release|Any CPU
		{E44FF924-C4B5-4DA1-913A-7A0501A4659D}.Debug|Any CPU.ActiveCfg = Debug|Any CPU
		{E44FF924-C4B5-4DA1-913A-7A0501A4659D}.Debug|Any CPU.Build.0 = Debug|Any CPU
		{E44FF924-C4B5-4DA1-913A-7A0501A4659D}.Release|Any CPU.ActiveCfg = Release|Any CPU
		{E44FF924-C4B5-4DA1-913A-7A0501A4659D}.Release|Any CPU.Build.0 = Release|Any CPU
		{C182E993-156A-409C-B382-E15D3D5529A0}.Debug|Any CPU.ActiveCfg = Debug|Any CPU
		{C182E993-156A-409C-B382-E15D3D5529A0}.Debug|Any CPU.Build.0 = Debug|Any CPU
		{C182E993-156A-409C-B382-E15D3D5529A0}.Release|Any CPU.ActiveCfg = Release|Any CPU
		{C182E993-156A-409C-B382-E15D3D5529A0}.Release|Any CPU.Build.0 = Release|Any CPU
		{C8107016-D447-4596-8E58-C36D7F40E171}.Debug|Any CPU.ActiveCfg = Debug|Any CPU
		{C8107016-D447-4596-8E58-C36D7F40E171}.Debug|Any CPU.Build.0 = Debug|Any CPU
		{C8107016-D447-4596-8E58-C36D7F40E171}.Release|Any CPU.ActiveCfg = Release|Any CPU
		{C8107016-D447-4596-8E58-C36D7F40E171}.Release|Any CPU.Build.0 = Release|Any CPU
	EndGlobalSection
	GlobalSection(NestedProjects) = preSolution
		{AD74EF78-CDA7-4EA3-ACB1-48D3EA6F4746} = {8303201C-BBD0-4F16-85D2-75382DB568D4}
		{71A1BFAC-875C-461D-A688-2151ABFB0523} = {8303201C-BBD0-4F16-85D2-75382DB568D4}
		{E44FF924-C4B5-4DA1-913A-7A0501A4659D} = {8303201C-BBD0-4F16-85D2-75382DB568D4}
		{C182E993-156A-409C-B382-E15D3D5529A0} = {8303201C-BBD0-4F16-85D2-75382DB568D4}
		{C8107016-D447-4596-8E58-C36D7F40E171} = {8303201C-BBD0-4F16-85D2-75382DB568D4}
	EndGlobalSection
EndGlobal
